<?xml version="1.0" encoding="utf-8"?>
<Project ToolsVersion="4.0" xmlns="http://schemas.microsoft.com/developer/msbuild/2003">
  <ItemGroup>
    <Filter Include="Source Files">
      <UniqueIdentifier>{4FC737F1-C7A5-4376-A066-2A32D752A2FF}</UniqueIdentifier>
      <Extensions>cpp;c;cc;cxx;def;odl;idl;hpj;bat;asm;asmx</Extensions>
    </Filter>
    <Filter Include="Header Files">
      <UniqueIdentifier>{93995380-89BD-4b04-88EB-625FBE52EBFB}</UniqueIdentifier>
      <Extensions>h;hh;hpp;hxx;hm;inl;inc;xsd</Extensions>
    </Filter>
    <Filter Include="Resource Files">
      <UniqueIdentifier>{67DA6AB6-F800-4c08-8B7A-83BB121AAD01}</UniqueIdentifier>
      <Extensions>rc;ico;cur;bmp;dlg;rc2;rct;bin;rgs;gif;jpg;jpeg;jpe;resx;tiff;tif;png;wav;mfcribbon-ms</Extensions>
    </Filter>
    <Filter Include="lib">
      <UniqueIdentifier>{2676506c-68c4-4bce-8741-bc181175e020}</UniqueIdentifier>
    </Filter>
    <Filter Include="lib\Debug">
      <UniqueIdentifier>{b376702e-7a92-48b1-82cc-c2201540c3bc}</UniqueIdentifier>
    </Filter>
    <Filter Include="lib\release">
      <UniqueIdentifier>{6cda77c1-797a-4d89-a5c1-634a66aab651}</UniqueIdentifier>
    </Filter>
    <Filter Include="Include">
      <UniqueIdentifier>{76f0717d-ae39-4378-b6a8-ea0ec4f6f1d4}</UniqueIdentifier>
    </Filter>
  </ItemGroup>
  <ItemGroup>
    <Text Include="ReadMe.txt" />
  </ItemGroup>
  <ItemGroup>
    <ClInclude Include="stdafx.h">
      <Filter>Header Files</Filter>
    </ClInclude>
    <ClInclude Include="targetver.h">
      <Filter>Header Files</Filter>
    </ClInclude>
    <ClInclude Include="BankGwq.h">
      <Filter>Header Files</Filter>
    </ClInclude>
    <ClInclude Include="ApiStrCodec.h">
      <Filter>Header Files</Filter>
    </ClInclude>
    <ClInclude Include="SccbaApi.h">
      <Filter>Header Files</Filter>
    </ClInclude>
    <ClInclude Include="Include\GwqDllComm.h">
      <Filter>Include</Filter>
    </ClInclude>
    <ClInclude Include="Include\YNDLL.h">
      <Filter>Include</Filter>
    </ClInclude>
    <ClInclude Include="ToolFun.h">
      <Filter>Header Files</Filter>
    </ClInclude>
    <ClInclude Include="base64.h">
      <Filter>Header Files</Filter>
    </ClInclude>
  </ItemGroup>
  <ItemGroup>
    <ClCompile Include="stdafx.cpp">
      <Filter>Source Files</Filter>
    </ClCompile>
    <ClCompile Include="BankGwq.cpp">
      <Filter>Source Files</Filter>
    </ClCompile>
    <ClCompile Include="dllmain.cpp">
      <Filter>Source Files</Filter>
    </ClCompile>
    <ClCompile Include="ApiStrCodec.cpp">
      <Filter>Source Files</Filter>
    </ClCompile>
    <ClCompile Include="SccbaApi.cpp">
      <Filter>Source Files</Filter>
    </ClCompile>
    <ClCompile Include="ToolFun.cpp">
      <Filter>Source Files</Filter>
    </ClCompile>
    <ClCompile Include="base64.cpp">
      <Filter>Source Files</Filter>
    </ClCompile>
  </ItemGroup>
  <ItemGroup>
    <None Include="BankGwqSccba.def">
      <Filter>Source Files</Filter>
    </None>
    <None Include="Include\TESO_NH_HID.dll">
      <Filter>Include</Filter>
    </None>
  </ItemGroup>
  <ItemGroup>
    <Library Include="lib\debug\GwqDllComm.lib">
      <Filter>lib\Debug</Filter>
    </Library>
    <Library Include="lib\debug\TESO_NH_HID.lib">
      <Filter>lib\Debug</Filter>
    </Library>
  </ItemGroup>
</Project>